
Microsoft Visual Studio Solution File, Format Version 12.00
# Visual Studio Version 17
VisualStudioVersion = 17.6.33723.286
MinimumVisualStudioVersion = 10.0.40219.1
Project("{FAE04EC0-301F-11D3-BF4B-00C04F79EFBC}") = "ListadeTarefas", "ListadeTarefas.csproj", "{0C3A72C2-EBF9-4DA9-B79E-93749437C61B}"
EndProject
Project("{FAE04EC0-301F-11D3-BF4B-00C04F79EFBC}") = "ListaTarefasAPI", "..\ListaTarefasWeb\ListaTarefasAPI.csproj", "{98B8364D-1107-4C87-BE27-C5C2C1FC4364}"
EndProject
Global
	GlobalSection(SolutionConfigurationPlatforms) = preSolution
		Debug|Any CPU = Debug|Any CPU
		Release|Any CPU = Release|Any CPU
	EndGlobalSection
	GlobalSection(ProjectConfigurationPlatforms) = postSolution
		{0C3A72C2-EBF9-4DA9-B79E-93749437C61B}.Debug|Any CPU.ActiveCfg = Debug|Any CPU
		{0C3A72C2-EBF9-4DA9-B79E-93749437C61B}.Debug|Any CPU.Build.0 = Debug|Any CPU
		{0C3A72C2-EBF9-4DA9-B79E-93749437C61B}.Release|Any CPU.ActiveCfg = Release|Any CPU
		{0C3A72C2-EBF9-4DA9-B79E-93749437C61B}.Release|Any CPU.Build.0 = Release|Any CPU
		{98B8364D-1107-4C87-BE27-C5C2C1FC4364}.Debug|Any CPU.ActiveCfg = Debug|Any CPU
		{98B8364D-1107-4C87-BE27-C5C2C1FC4364}.Debug|Any CPU.Build.0 = Debug|Any CPU
		{98B8364D-1107-4C87-BE27-C5C2C1FC4364}.Release|Any CPU.ActiveCfg = Release|Any CPU
		{98B8364D-1107-4C87-BE27-C5C2C1FC4364}.Release|Any CPU.Build.0 = Release|Any CPU
	EndGlobalSection
	GlobalSection(SolutionProperties) = preSolution
		HideSolutionNode = FALSE
	EndGlobalSection
	GlobalSection(ExtensibilityGlobals) = postSolution
		SolutionGuid = {BAE322BF-CF83-4156-8ABB-EC4B2D5F403C}
	EndGlobalSection
EndGlobal
